
Microsoft Visual Studio Solution File, Format Version 12.00
# Visual Studio Version 16
VisualStudioVersion = 16.0.31702.278
MinimumVisualStudioVersion = 10.0.40219.1
Project("{9A19103F-16F7-4668-BE54-9A1E7A4F7556}") = "TocnoVrijeme", "TocnoVrijeme\TocnoVrijeme.csproj", "{F038A1D6-00A6-4EEE-9BBC-82DB8DE7170B}"
EndProject
Project("{9A19103F-16F7-4668-BE54-9A1E7A4F7556}") = "Inicijali", "Inicijali\Inicijali.csproj", "{F8C927A6-2067-4B1E-84E6-99E980DFFB43}"
EndProject
Project("{9A19103F-16F7-4668-BE54-9A1E7A4F7556}") = "ProsjekOcjena", "ProsjekOcjena\ProsjekOcjena.csproj", "{CB2C0D4F-C30C-42D7-8823-D9BAF216B3E0}"
EndProject
Project("{9A19103F-16F7-4668-BE54-9A1E7A4F7556}") = "ProsjekOcjenaTryParse", "ProsjekOcjenaTryParse\ProsjekOcjenaTryParse.csproj", "{E2AE02E7-DF47-4783-850B-692DEF9C04E4}"
EndProject
Project("{9A19103F-16F7-4668-BE54-9A1E7A4F7556}") = "DatumiRodenja", "DatumiRodenja\DatumiRodenja.csproj", "{4CF90847-2514-4F27-9BB9-E8E1492B4F64}"
EndProject
Project("{9A19103F-16F7-4668-BE54-9A1E7A4F7556}") = "DaniMjeseca", "DaniMjeseca\DaniMjeseca.csproj", "{19B63AE9-1B6E-4D6B-A26B-87530E2F1BED}"
EndProject
Project("{9A19103F-16F7-4668-BE54-9A1E7A4F7556}") = "Djelitelji", "Djelitelji\Djelitelji.csproj", "{85F6373E-02A4-4184-9B83-6A822310D662}"
EndProject
Project("{9A19103F-16F7-4668-BE54-9A1E7A4F7556}") = "DjeliteljiDoPetlja", "DjeliteljiDoPetlja\DjeliteljiDoPetlja.csproj", "{5CDB7003-C8CE-4818-9094-10D1806CA2EB}"
EndProject
Project("{9A19103F-16F7-4668-BE54-9A1E7A4F7556}") = "IzracunKamata", "IzracunKamata\IzracunKamata.csproj", "{055B2987-19DF-4033-8133-AA2CDB23680D}"
EndProject
Project("{9A19103F-16F7-4668-BE54-9A1E7A4F7556}") = "OtplataKredita", "OtplataKredita\OtplataKredita.csproj", "{52534CDD-FC65-4FC3-B76A-52EEC470003B}"
EndProject
Project("{9A19103F-16F7-4668-BE54-9A1E7A4F7556}") = "Brojevi", "Brojevi\Brojevi.csproj", "{9B5C79FE-ED01-430D-B7CA-11FA24EE6D8C}"
EndProject
Project("{FAE04EC0-301F-11D3-BF4B-00C04F79EFBC}") = "ListaRijeciNet", "ListaRijeciNet\ListaRijeciNet.csproj", "{E6FD8A46-0E1D-4A88-BAFB-783431D38295}"
EndProject
Project("{FAE04EC0-301F-11D3-BF4B-00C04F79EFBC}") = "Igre_Klase", "Igre_Klase\Igre_Klase.csproj", "{8D7ADB02-D946-4418-B12A-5F6A8B178BA2}"
EndProject
Global
	GlobalSection(SolutionConfigurationPlatforms) = preSolution
		Debug|Any CPU = Debug|Any CPU
		Release|Any CPU = Release|Any CPU
	EndGlobalSection
	GlobalSection(ProjectConfigurationPlatforms) = postSolution
		{F038A1D6-00A6-4EEE-9BBC-82DB8DE7170B}.Debug|Any CPU.ActiveCfg = Debug|Any CPU
		{F038A1D6-00A6-4EEE-9BBC-82DB8DE7170B}.Debug|Any CPU.Build.0 = Debug|Any CPU
		{F038A1D6-00A6-4EEE-9BBC-82DB8DE7170B}.Release|Any CPU.ActiveCfg = Release|Any CPU
		{F038A1D6-00A6-4EEE-9BBC-82DB8DE7170B}.Release|Any CPU.Build.0 = Release|Any CPU
		{F8C927A6-2067-4B1E-84E6-99E980DFFB43}.Debug|Any CPU.ActiveCfg = Debug|Any CPU
		{F8C927A6-2067-4B1E-84E6-99E980DFFB43}.Debug|Any CPU.Build.0 = Debug|Any CPU
		{F8C927A6-2067-4B1E-84E6-99E980DFFB43}.Release|Any CPU.ActiveCfg = Release|Any CPU
		{F8C927A6-2067-4B1E-84E6-99E980DFFB43}.Release|Any CPU.Build.0 = Release|Any CPU
		{CB2C0D4F-C30C-42D7-8823-D9BAF216B3E0}.Debug|Any CPU.ActiveCfg = Debug|Any CPU
		{CB2C0D4F-C30C-42D7-8823-D9BAF216B3E0}.Debug|Any CPU.Build.0 = Debug|Any CPU
		{CB2C0D4F-C30C-42D7-8823-D9BAF216B3E0}.Release|Any CPU.ActiveCfg = Release|Any CPU
		{CB2C0D4F-C30C-42D7-8823-D9BAF216B3E0}.Release|Any CPU.Build.0 = Release|Any CPU
		{E2AE02E7-DF47-4783-850B-692DEF9C04E4}.Debug|Any CPU.ActiveCfg = Debug|Any CPU
		{E2AE02E7-DF47-4783-850B-692DEF9C04E4}.Debug|Any CPU.Build.0 = Debug|Any CPU
		{E2AE02E7-DF47-4783-850B-692DEF9C04E4}.Release|Any CPU.ActiveCfg = Release|Any CPU
		{E2AE02E7-DF47-4783-850B-692DEF9C04E4}.Release|Any CPU.Build.0 = Release|Any CPU
		{4CF90847-2514-4F27-9BB9-E8E1492B4F64}.Debug|Any CPU.ActiveCfg = Debug|Any CPU
		{4CF90847-2514-4F27-9BB9-E8E1492B4F64}.Debug|Any CPU.Build.0 = Debug|Any CPU
		{4CF90847-2514-4F27-9BB9-E8E1492B4F64}.Release|Any CPU.ActiveCfg = Release|Any CPU
		{4CF90847-2514-4F27-9BB9-E8E1492B4F64}.Release|Any CPU.Build.0 = Release|Any CPU
		{19B63AE9-1B6E-4D6B-A26B-87530E2F1BED}.Debug|Any CPU.ActiveCfg = Debug|Any CPU
		{19B63AE9-1B6E-4D6B-A26B-87530E2F1BED}.Debug|Any CPU.Build.0 = Debug|Any CPU
		{19B63AE9-1B6E-4D6B-A26B-87530E2F1BED}.Release|Any CPU.ActiveCfg = Release|Any CPU
		{19B63AE9-1B6E-4D6B-A26B-87530E2F1BED}.Release|Any CPU.Build.0 = Release|Any CPU
		{85F6373E-02A4-4184-9B83-6A822310D662}.Debug|Any CPU.ActiveCfg = Debug|Any CPU
		{85F6373E-02A4-4184-9B83-6A822310D662}.Debug|Any CPU.Build.0 = Debug|Any CPU
		{85F6373E-02A4-4184-9B83-6A822310D662}.Release|Any CPU.ActiveCfg = Release|Any CPU
		{85F6373E-02A4-4184-9B83-6A822310D662}.Release|Any CPU.Build.0 = Release|Any CPU
		{5CDB7003-C8CE-4818-9094-10D1806CA2EB}.Debug|Any CPU.ActiveCfg = Debug|Any CPU
		{5CDB7003-C8CE-4818-9094-10D1806CA2EB}.Debug|Any CPU.Build.0 = Debug|Any CPU
		{5CDB7003-C8CE-4818-9094-10D1806CA2EB}.Release|Any CPU.ActiveCfg = Release|Any CPU
		{5CDB7003-C8CE-4818-9094-10D1806CA2EB}.Release|Any CPU.Build.0 = Release|Any CPU
		{055B2987-19DF-4033-8133-AA2CDB23680D}.Debug|Any CPU.ActiveCfg = Debug|Any CPU
		{055B2987-19DF-4033-8133-AA2CDB23680D}.Debug|Any CPU.Build.0 = Debug|Any CPU
		{055B2987-19DF-4033-8133-AA2CDB23680D}.Release|Any CPU.ActiveCfg = Release|Any CPU
		{055B2987-19DF-4033-8133-AA2CDB23680D}.Release|Any CPU.Build.0 = Release|Any CPU
		{52534CDD-FC65-4FC3-B76A-52EEC470003B}.Debug|Any CPU.ActiveCfg = Debug|Any CPU
		{52534CDD-FC65-4FC3-B76A-52EEC470003B}.Debug|Any CPU.Build.0 = Debug|Any CPU
		{52534CDD-FC65-4FC3-B76A-52EEC470003B}.Release|Any CPU.ActiveCfg = Release|Any CPU
		{52534CDD-FC65-4FC3-B76A-52EEC470003B}.Release|Any CPU.Build.0 = Release|Any CPU
		{9B5C79FE-ED01-430D-B7CA-11FA24EE6D8C}.Debug|Any CPU.ActiveCfg = Debug|Any CPU
		{9B5C79FE-ED01-430D-B7CA-11FA24EE6D8C}.Debug|Any CPU.Build.0 = Debug|Any CPU
		{9B5C79FE-ED01-430D-B7CA-11FA24EE6D8C}.Release|Any CPU.ActiveCfg = Release|Any CPU
		{9B5C79FE-ED01-430D-B7CA-11FA24EE6D8C}.Release|Any CPU.Build.0 = Release|Any CPU
		{E6FD8A46-0E1D-4A88-BAFB-783431D38295}.Debug|Any CPU.ActiveCfg = Debug|Any CPU
		{E6FD8A46-0E1D-4A88-BAFB-783431D38295}.Debug|Any CPU.Build.0 = Debug|Any CPU
		{E6FD8A46-0E1D-4A88-BAFB-783431D38295}.Release|Any CPU.ActiveCfg = Release|Any CPU
		{E6FD8A46-0E1D-4A88-BAFB-783431D38295}.Release|Any CPU.Build.0 = Release|Any CPU
		{8D7ADB02-D946-4418-B12A-5F6A8B178BA2}.Debug|Any CPU.ActiveCfg = Debug|Any CPU
		{8D7ADB02-D946-4418-B12A-5F6A8B178BA2}.Debug|Any CPU.Build.0 = Debug|Any CPU
		{8D7ADB02-D946-4418-B12A-5F6A8B178BA2}.Release|Any CPU.ActiveCfg = Release|Any CPU
		{8D7ADB02-D946-4418-B12A-5F6A8B178BA2}.Release|Any CPU.Build.0 = Release|Any CPU
	EndGlobalSection
	GlobalSection(SolutionProperties) = preSolution
		HideSolutionNode = FALSE
	EndGlobalSection
	GlobalSection(ExtensibilityGlobals) = postSolution
		SolutionGuid = {CF4AF29A-B885-49DC-A8D5-B281BBB5ED66}
	EndGlobalSection
EndGlobal
